// !$*UTF8*$!
{
	archiveVersion = 1;
	classes = {
	};
	objectVersion = 50;
	objects = {

/* Begin PBXBuildFile section */
		D3D436DD246FE787005135B0 /* AppDelegate.swift in Sources */ = {isa = PBXBuildFile; fileRef = D3D436DC246FE787005135B0 /* AppDelegate.swift */; };
		D3D436DF246FE787005135B0 /* SceneDelegate.swift in Sources */ = {isa = PBXBuildFile; fileRef = D3D436DE246FE787005135B0 /* SceneDelegate.swift */; };
		D3D436E2246FE787005135B0 /* CombineStarWars.xcdatamodeld in Sources */ = {isa = PBXBuildFile; fileRef = D3D436E0246FE787005135B0 /* CombineStarWars.xcdatamodeld */; };
		D3D436E4246FE787005135B0 /* ContentView.swift in Sources */ = {isa = PBXBuildFile; fileRef = D3D436E3246FE787005135B0 /* ContentView.swift */; };
		D3D436E6246FE78A005135B0 /* Assets.xcassets in Resources */ = {isa = PBXBuildFile; fileRef = D3D436E5246FE78A005135B0 /* Assets.xcassets */; };
		D3D436E9246FE78A005135B0 /* Preview Assets.xcassets in Resources */ = {isa = PBXBuildFile; fileRef = D3D436E8246FE78A005135B0 /* Preview Assets.xcassets */; };
		D3D436EC246FE78A005135B0 /* LaunchScreen.storyboard in Resources */ = {isa = PBXBuildFile; fileRef = D3D436EA246FE78A005135B0 /* LaunchScreen.storyboard */; };
		D3D436F4246FE7A1005135B0 /* Swapi.swift in Sources */ = {isa = PBXBuildFile; fileRef = D3D436F3246FE7A1005135B0 /* Swapi.swift */; };
		D3D436F6246FF361005135B0 /* SearchBar.swift in Sources */ = {isa = PBXBuildFile; fileRef = D3D436F5246FF361005135B0 /* SearchBar.swift */; };
/* End PBXBuildFile section */

/* Begin PBXFileReference section */
		D3D436D9246FE787005135B0 /* CombineStarWars.app */ = {isa = PBXFileReference; explicitFileType = wrapper.application; includeInIndex = 0; path = CombineStarWars.app; sourceTree = BUILT_PRODUCTS_DIR; };
		D3D436DC246FE787005135B0 /* AppDelegate.swift */ = {isa = PBXFileReference; lastKnownFileType = sourcecode.swift; path = AppDelegate.swift; sourceTree = "<group>"; };
		D3D436DE246FE787005135B0 /* SceneDelegate.swift */ = {isa = PBXFileReference; lastKnownFileType = sourcecode.swift; path = SceneDelegate.swift; sourceTree = "<group>"; };
		D3D436E1246FE787005135B0 /* CombineStarWars.xcdatamodel */ = {isa = PBXFileReference; lastKnownFileType = wrapper.xcdatamodel; path = CombineStarWars.xcdatamodel; sourceTree = "<group>"; };
		D3D436E3246FE787005135B0 /* ContentView.swift */ = {isa = PBXFileReference; lastKnownFileType = sourcecode.swift; path = ContentView.swift; sourceTree = "<group>"; };
		D3D436E5246FE78A005135B0 /* Assets.xcassets */ = {isa = PBXFileReference; lastKnownFileType = folder.assetcatalog; path = Assets.xcassets; sourceTree = "<group>"; };
		D3D436E8246FE78A005135B0 /* Preview Assets.xcassets */ = {isa = PBXFileReference; lastKnownFileType = folder.assetcatalog; path = "Preview Assets.xcassets"; sourceTree = "<group>"; };
		D3D436EB246FE78A005135B0 /* Base */ = {isa = PBXFileReference; lastKnownFileType = file.storyboard; name = Base; path = Base.lproj/LaunchScreen.storyboard; sourceTree = "<group>"; };
		D3D436ED246FE78A005135B0 /* Info.plist */ = {isa = PBXFileReference; lastKnownFileType = text.plist.xml; path = Info.plist; sourceTree = "<group>"; };
		D3D436F3246FE7A1005135B0 /* Swapi.swift */ = {isa = PBXFileReference; lastKnownFileType = sourcecode.swift; path = Swapi.swift; sourceTree = "<group>"; };
		D3D436F5246FF361005135B0 /* SearchBar.swift */ = {isa = PBXFileReference; lastKnownFileType = sourcecode.swift; path = SearchBar.swift; sourceTree = "<group>"; };
/* End PBXFileReference section */

/* Begin PBXFrameworksBuildPhase section */
		D3D436D6246FE787005135B0 /* Frameworks */ = {
			isa = PBXFrameworksBuildPhase;
			buildActionMask = 2147483647;
			files = (
			);
			runOnlyForDeploymentPostprocessing = 0;
		};
/* End PBXFrameworksBuildPhase section */

/* Begin PBXGroup section */
		D3D436D0246FE787005135B0 = {
			isa = PBXGroup;
			children = (
				D3D436DB246FE787005135B0 /* CombineStarWars */,
				D3D436DA246FE787005135B0 /* Products */,
			);
			sourceTree = "<group>";
		};
		D3D436DA246FE787005135B0 /* Products */ = {
			isa = PBXGroup;
			children = (
				D3D436D9246FE787005135B0 /* CombineStarWars.app */,
			);
			name = Products;
			sourceTree = "<group>";
		};
		D3D436DB246FE787005135B0 /* CombineStarWars */ = {
			isa = PBXGroup;
			children = (
				D3D436DC246FE787005135B0 /* AppDelegate.swift */,
				D3D436DE246FE787005135B0 /* SceneDelegate.swift */,
				D3D436E3246FE787005135B0 /* ContentView.swift */,
				D3D436E5246FE78A005135B0 /* Assets.xcassets */,
				D3D436EA246FE78A005135B0 /* LaunchScreen.storyboard */,
				D3D436ED246FE78A005135B0 /* Info.plist */,
				D3D436E0246FE787005135B0 /* CombineStarWars.xcdatamodeld */,
				D3D436E7246FE78A005135B0 /* Preview Content */,
				D3D436F3246FE7A1005135B0 /* Swapi.swift */,
				D3D436F5246FF361005135B0 /* SearchBar.swift */,
			);
			path = CombineStarWars;
			sourceTree = "<group>";
		};
		D3D436E7246FE78A005135B0 /* Preview Content */ = {
			isa = PBXGroup;
			children = (
				D3D436E8246FE78A005135B0 /* Preview Assets.xcassets */,
			);
			path = "Preview Content";
			sourceTree = "<group>";
		};
/* End PBXGroup section */

/* Begin PBXNativeTarget section */
		D3D436D8246FE787005135B0 /* CombineStarWars */ = {
			isa = PBXNativeTarget;
			buildConfigurationList = D3D436F0246FE78A005135B0 /* Build configuration list for PBXNativeTarget "CombineStarWars" */;
			buildPhases = (
				D3D436D5246FE787005135B0 /* Sources */,
				D3D436D6246FE787005135B0 /* Frameworks */,
				D3D436D7246FE787005135B0 /* Resources */,
			);
			buildRules = (
			);
			dependencies = (
			);
			name = CombineStarWars;
			productName = CombineStarWars;
			productReference = D3D436D9246FE787005135B0 /* CombineStarWars.app */;
			productType = "com.apple.product-type.application";
		};
/* End PBXNativeTarget section */

/* Begin PBXProject section */
		D3D436D1246FE787005135B0 /* Project object */ = {
			isa = PBXProject;
			attributes = {
				LastSwiftUpdateCheck = 1140;
				LastUpgradeCheck = 1140;
				ORGANIZATIONNAME = Benedikt;
				TargetAttributes = {
					D3D436D8246FE787005135B0 = {
						CreatedOnToolsVersion = 11.4.1;
					};
				};
			};
			buildConfigurationList = D3D436D4246FE787005135B0 /* Build configuration list for PBXProject "CombineStarWars" */;
			compatibilityVersion = "Xcode 9.3";
			developmentRegion = en;
			hasScannedForEncodings = 0;
			knownRegions = (
				en,
				Base,
			);
			mainGroup = D3D436D0246FE787005135B0;
			productRefGroup = D3D436DA246FE787005135B0 /* Products */;
			projectDirPath = "";
			projectRoot = "";
			targets = (
				D3D436D8246FE787005135B0 /* CombineStarWars */,
			);
		};
/* End PBXProject section */

/* Begin PBXResourcesBuildPhase section */
		D3D436D7246FE787005135B0 /* Resources */ = {
			isa = PBXResourcesBuildPhase;
			buildActionMask = 2147483647;
			files = (
				D3D436EC246FE78A005135B0 /* LaunchScreen.storyboard in Resources */,
				D3D436E9246FE78A005135B0 /* Preview Assets.xcassets in Resources */,
				D3D436E6246FE78A005135B0 /* Assets.xcassets in Resources */,
			);
			runOnlyForDeploymentPostprocessing = 0;
		};
/* End PBXResourcesBuildPhase section */

/* Begin PBXSourcesBuildPhase section */
		D3D436D5246FE787005135B0 /* Sources */ = {
			isa = PBXSourcesBuildPhase;
			buildActionMask = 2147483647;
			files = (
				D3D436E2246FE787005135B0 /* CombineStarWars.xcdatamodeld in Sources */,
				D3D436F6246FF361005135B0 /* SearchBar.swift in Sources */,
				D3D436DD246FE787005135B0 /* AppDelegate.swift in Sources */,
				D3D436E4246FE787005135B0 /* ContentView.swift in Sources */,
				D3D436F4246FE7A1005135B0 /* Swapi.swift in Sources */,
				D3D436DF246FE787005135B0 /* SceneDelegate.swift in Sources */,
			);
			runOnlyForDeploymentPostprocessing = 0;
		};
/* End PBXSourcesBuildPhase section */

/* Begin PBXVariantGroup section */
		D3D436EA246FE78A005135B0 /* LaunchScreen.storyboard */ = {
			isa = PBXVariantGroup;
			children = (
				D3D436EB246FE78A005135B0 /* Base */,
			);
			name = LaunchScreen.storyboard;
			sourceTree = "<group>";
		};
/* End PBXVariantGroup section */

/* Begin XCBuildConfiguration section */
		D3D436EE246FE78A005135B0 /* Debug */ = {
			isa = XCBuildConfiguration;
			buildSettings = {
				ALWAYS_SEARCH_USER_PATHS = NO;
				CLANG_ANALYZER_NONNULL = YES;
				CLANG_ANALYZER_NUMBER_OBJECT_CONVERSION = YES_AGGRESSIVE;
				CLANG_CXX_LANGUAGE_STANDARD = "gnu++14";
				CLANG_CXX_LIBRARY = "libc++";
				CLANG_ENABLE_MODULES = YES;
				CLANG_ENABLE_OBJC_ARC = YES;
				CLANG_ENABLE_OBJC_WEAK = YES;
				CLANG_WARN_BLOCK_CAPTURE_AUTORELEASING = YES;
				CLANG_WARN_BOOL_CONVERSION = YES;
				CLANG_WARN_COMMA = YES;
				CLANG_WARN_CONSTANT_CONVERSION = YES;
				CLANG_WARN_DEPRECATED_OBJC_IMPLEMENTATIONS = YES;
				CLANG_WARN_DIRECT_OBJC_ISA_USAGE = YES_ERROR;
				CLANG_WARN_DOCUMENTATION_COMMENTS = YES;
				CLANG_WARN_EMPTY_BODY = YES;
				CLANG_WARN_ENUM_CONVERSION = YES;
				CLANG_WARN_INFINITE_RECURSION = YES;
				CLANG_WARN_INT_CONVERSION = YES;
				CLANG_WARN_NON_LITERAL_NULL_CONVERSION = YES;
				CLANG_WARN_OBJC_IMPLICIT_RETAIN_SELF = YES;
				CLANG_WARN_OBJC_LITERAL_CONVERSION = YES;
				CLANG_WARN_OBJC_ROOT_CLASS = YES_ERROR;
				CLANG_WARN_RANGE_LOOP_ANALYSIS = YES;
				CLANG_WARN_STRICT_PROTOTYPES = YES;
				CLANG_WARN_SUSPICIOUS_MOVE = YES;
				CLANG_WARN_UNGUARDED_AVAILABILITY = YES_AGGRESSIVE;
				CLANG_WARN_UNREACHABLE_CODE = YES;
				CLANG_WARN__DUPLICATE_METHOD_MATCH = YES;
				COPY_PHASE_STRIP = NO;
				DEBUG_INFORMATION_FORMAT = dwarf;
				ENABLE_STRICT_OBJC_MSGSEND = YES;
				ENABLE_TESTABILITY = YES;
				GCC_C_LANGUAGE_STANDARD = gnu11;
				GCC_DYNAMIC_NO_PIC = NO;
				GCC_NO_COMMON_BLOCKS = YES;
				GCC_OPTIMIZATION_LEVEL = 0;
				GCC_PREPROCESSOR_DEFINITIONS = (
					"DEBUG=1",
					"$(inherited)",
				);
				GCC_WARN_64_TO_32_BIT_CONVERSION = YES;
				GCC_WARN_ABOUT_RETURN_TYPE = YES_ERROR;
				GCC_WARN_UNDECLARED_SELECTOR = YES;
				GCC_WARN_UNINITIALIZED_AUTOS = YES_AGGRESSIVE;
				GCC_WARN_UNUSED_FUNCTION = YES;
				GCC_WARN_UNUSED_VARIABLE = YES;
				IPHONEOS_DEPLOYMENT_TARGET = 13.4;
				MTL_ENABLE_DEBUG_INFO = INCLUDE_SOURCE;
				MTL_FAST_MATH = YES;
				ONLY_ACTIVE_ARCH = YES;
				SDKROOT = iphoneos;
				SWIFT_ACTIVE_COMPILATION_CONDITIONS = DEBUG;
				SWIFT_OPTIMIZATION_LEVEL = "-Onone";
			};
			name = Debug;
		};
		D3D436EF246FE78A005135B0 /* Release */ = {
			isa = XCBuildConfiguration;
			buildSettings = {
				ALWAYS_SEARCH_USER_PATHS = NO;
				CLANG_ANALYZER_NONNULL = YES;
				CLANG_ANALYZER_NUMBER_OBJECT_CONVERSION = YES_AGGRESSIVE;
				CLANG_CXX_LANGUAGE_STANDARD = "gnu++14";
				CLANG_CXX_LIBRARY = "libc++";
				CLANG_ENABLE_MODULES = YES;
				CLANG_ENABLE_OBJC_ARC = YES;
				CLANG_ENABLE_OBJC_WEAK = YES;
				CLANG_WARN_BLOCK_CAPTURE_AUTORELEASING = YES;
				CLANG_WARN_BOOL_CONVERSION = YES;
				CLANG_WARN_COMMA = YES;
				CLANG_WARN_CONSTANT_CONVERSION = YES;
				CLANG_WARN_DEPRECATED_OBJC_IMPLEMENTATIONS = YES;
				CLANG_WARN_DIRECT_OBJC_ISA_USAGE = YES_ERROR;
				CLANG_WARN_DOCUMENTATION_COMMENTS = YES;
				CLANG_WARN_EMPTY_BODY = YES;
				CLANG_WARN_ENUM_CONVERSION = YES;
				CLANG_WARN_INFINITE_RECURSION = YES;
				CLANG_WARN_INT_CONVERSION = YES;
				CLANG_WARN_NON_LITERAL_NULL_CONVERSION = YES;
				CLANG_WARN_OBJC_IMPLICIT_RETAIN_SELF = YES;
				CLANG_WARN_OBJC_LITERAL_CONVERSION = YES;
				CLANG_WARN_OBJC_ROOT_CLASS = YES_ERROR;
				CLANG_WARN_RANGE_LOOP_ANALYSIS = YES;
				CLANG_WARN_STRICT_PROTOTYPES = YES;
				CLANG_WARN_SUSPICIOUS_MOVE = YES;
				CLANG_WARN_UNGUARDED_AVAILABILITY = YES_AGGRESSIVE;
				CLANG_WARN_UNREACHABLE_CODE = YES;
				CLANG_WARN__DUPLICATE_METHOD_MATCH = YES;
				COPY_PHASE_STRIP = NO;
				DEBUG_INFORMATION_FORMAT = "dwarf-with-dsym";
				ENABLE_NS_ASSERTIONS = NO;
				ENABLE_STRICT_OBJC_MSGSEND = YES;
				GCC_C_LANGUAGE_STANDARD = gnu11;
				GCC_NO_COMMON_BLOCKS = YES;
				GCC_WARN_64_TO_32_BIT_CONVERSION = YES;
				GCC_WARN_ABOUT_RETURN_TYPE = YES_ERROR;
				GCC_WARN_UNDECLARED_SELECTOR = YES;
				GCC_WARN_UNINITIALIZED_AUTOS = YES_AGGRESSIVE;
				GCC_WARN_UNUSED_FUNCTION = YES;
				GCC_WARN_UNUSED_VARIABLE = YES;
				IPHONEOS_DEPLOYMENT_TARGET = 13.4;
				MTL_ENABLE_DEBUG_INFO = NO;
				MTL_FAST_MATH = YES;
				SDKROOT = iphoneos;
				SWIFT_COMPILATION_MODE = wholemodule;
				SWIFT_OPTIMIZATION_LEVEL = "-O";
				VALIDATE_PRODUCT = YES;
			};
			name = Release;
		};
		D3D436F1246FE78A005135B0 /* Debug */ = {
			isa = XCBuildConfiguration;
			buildSettings = {
				ASSETCATALOG_COMPILER_APPICON_NAME = AppIcon;
				CODE_SIGN_STYLE = Automatic;
				DEVELOPMENT_ASSET_PATHS = "\"CombineStarWars/Preview Content\"";
				DEVELOPMENT_TEAM = MFV5357J8T;
				ENABLE_PREVIEWS = YES;
				INFOPLIST_FILE = CombineStarWars/Info.plist;
				LD_RUNPATH_SEARCH_PATHS = (
					"$(inherited)",
					"@executable_path/Frameworks",
				);
				PRODUCT_BUNDLE_IDENTIFIER = at.fhhoe.mc.CombineStarWars;
				PRODUCT_NAME = "$(TARGET_NAME)";
				SWIFT_VERSION = 5.0;
				TARGETED_DEVICE_FAMILY = "1,2";
			};
			name = Debug;
		};
		D3D436F2246FE78A005135B0 /* Release */ = {
			isa = XCBuildConfiguration;
			buildSettings = {
				ASSETCATALOG_COMPILER_APPICON_NAME = AppIcon;
				CODE_SIGN_STYLE = Automatic;
				DEVELOPMENT_ASSET_PATHS = "\"CombineStarWars/Preview Content\"";
				DEVELOPMENT_TEAM = MFV5357J8T;
				ENABLE_PREVIEWS = YES;
				INFOPLIST_FILE = CombineStarWars/Info.plist;
				LD_RUNPATH_SEARCH_PATHS = (
					"$(inherited)",
					"@executable_path/Frameworks",
				);
				PRODUCT_BUNDLE_IDENTIFIER = at.fhhoe.mc.CombineStarWars;
				PRODUCT_NAME = "$(TARGET_NAME)";
				SWIFT_VERSION = 5.0;
				TARGETED_DEVICE_FAMILY = "1,2";
			};
			name = Release;
		};
/* End XCBuildConfiguration section */

/* Begin XCConfigurationList section */
		D3D436D4246FE787005135B0 /* Build configuration list for PBXProject "CombineStarWars" */ = {
			isa = XCConfigurationList;
			buildConfigurations = (
				D3D436EE246FE78A005135B0 /* Debug */,
				D3D436EF246FE78A005135B0 /* Release */,
			);
			defaultConfigurationIsVisible = 0;
			defaultConfigurationName = Release;
		};
		D3D436F0246FE78A005135B0 /* Build configuration list for PBXNativeTarget "CombineStarWars" */ = {
			isa = XCConfigurationList;
			buildConfigurations = (
				D3D436F1246FE78A005135B0 /* Debug */,
				D3D436F2246FE78A005135B0 /* Release */,
			);
			defaultConfigurationIsVisible = 0;
			defaultConfigurationName = Release;
		};
/* End XCConfigurationList section */

/* Begin XCVersionGroup section */
		D3D436E0246FE787005135B0 /* CombineStarWars.xcdatamodeld */ = {
			isa = XCVersionGroup;
			children = (
				D3D436E1246FE787005135B0 /* CombineStarWars.xcdatamodel */,
			);
			currentVersion = D3D436E1246FE787005135B0 /* CombineStarWars.xcdatamodel */;
			path = CombineStarWars.xcdatamodeld;
			sourceTree = "<group>";
			versionGroupType = wrapper.xcdatamodel;
		};
/* End XCVersionGroup section */
	};
	rootObject = D3D436D1246FE787005135B0 /* Project object */;
}
